
Microsoft Visual Studio Solution File, Format Version 11.00
# Visual Studio 2010
Project("{FAE04EC0-301F-11D3-BF4B-00C04F79EFBC}") = "TracingAndLogging", "TracingAndLogging.csproj", "{25BB9E6A-B652-4BBB-9561-ACD5908E6EF2}"
EndProject
Global
	GlobalSection(SolutionConfigurationPlatforms) = preSolution
		Debug|Any CPU = Debug|Any CPU
		Release|Any CPU = Release|Any CPU
	EndGlobalSection
	GlobalSection(ProjectConfigurationPlatforms) = postSolution
		{25BB9E6A-B652-4BBB-9561-ACD5908E6EF2}.Debug|Any CPU.ActiveCfg = Debug|Any CPU
		{25BB9E6A-B652-4BBB-9561-ACD5908E6EF2}.Debug|Any CPU.Build.0 = Debug|Any CPU
		{25BB9E6A-B652-4BBB-9561-ACD5908E6EF2}.Release|Any CPU.ActiveCfg = Release|Any CPU
		{25BB9E6A-B652-4BBB-9561-ACD5908E6EF2}.Release|Any CPU.Build.0 = Release|Any CPU
	EndGlobalSection
	GlobalSection(SolutionProperties) = preSolution
		HideSolutionNode = FALSE
	EndGlobalSection
EndGlobal
